{
  "nodes": {
    "nixpkgs": {
      "locked": {
        "lastModified": 1676253841,
        "narHash": "sha256-jhuI8Mmky8VCD45OoJEuF6HdPLFBwNrHA0ljjZ/zkfw=",
        "owner": "nixos",
        "repo": "nixpkgs",
        "rev": "a45a8916243a7d27acc358f4fc18c4491f3eeca8",
        "type": "github"
      },
      "original": {
        "owner": "nixos",
        "ref": "nixos-22.11",
        "repo": "nixpkgs",
        "type": "github"
      }
    },
    "root": {
      "inputs": {
        "nixpkgs": "nixpkgs",
        "utils": "utils",
        "yarnpnp2nix": "yarnpnp2nix"
      }
    },
    "utils": {
      "locked": {
        "lastModified": 1667395993,
        "narHash": "sha256-nuEHfE/LcWyuSWnS8t12N1wc105Qtau+/OdUAjtQ0rA=",
        "owner": "numtide",
        "repo": "flake-utils",
        "rev": "5aed5285a952e0b949eb3ba02c12fa4fcfef535f",
        "type": "github"
      },
      "original": {
        "owner": "numtide",
        "repo": "flake-utils",
        "type": "github"
      }
    },
    "yarnpnp2nix": {
      "inputs": {
        "nixpkgs": [
          "nixpkgs"
        ],
        "utils": [
          "utils"
        ]
      },
      "locked": {
        "lastModified": 1668000170,
        "narHash": "sha256-ufRhgAkwrOC5RxeM3JiCHTu6hRbhsqGf4PEOARrvcnc=",
        "owner": "madjam002",
        "repo": "yarnpnp2nix",
        "rev": "812b516764811e72a22c7e781597e7896bef2aae",
        "type": "github"
      },
      "original": {
        "owner": "madjam002",
        "repo": "yarnpnp2nix",
        "type": "github"
      }
    }
  },
  "root": "root",
  "version": 7
}
