# This file is generated by running "yarn install" inside your project.
# Manual changes might be lost - proceed with caution!

__metadata:
  version: 8
  cacheKey: 10

"@babel/code-frame@npm:^7.0.0":
  version: 7.18.6
  resolution: "@babel/code-frame@npm:7.18.6"
  dependencies:
    "@babel/highlight": "npm:^7.18.6"
  checksum: 195e2be3172d7684bf95cff69ae3b7a15a9841ea9d27d3c843662d50cdd7d6470fd9c8e64be84d031117e4a4083486effba39f9aef6bbb2c89f7f21bcfba33ba
  languageName: node
  linkType: hard

"@babel/helper-validator-identifier@npm:^7.18.6":
  version: 7.19.1
  resolution: "@babel/helper-validator-identifier@npm:7.19.1"
  checksum: 30ecd53b7276970d59d65e68e147ea885f8812e50d06a59315dd1f12dc41467d29d6c56bf1fd02e91100f939cba378815b2c19f5d3604331a153aed9efcbd2a9
  languageName: node
  linkType: hard

"@babel/highlight@npm:^7.18.6":
  version: 7.18.6
  resolution: "@babel/highlight@npm:7.18.6"
  dependencies:
    "@babel/helper-validator-identifier": "npm:^7.18.6"
    chalk: "npm:^2.0.0"
    js-tokens: "npm:^4.0.0"
  checksum: 92d8ee61549de5ff5120e945e774728e5ccd57fd3b2ed6eace020ec744823d4a98e242be1453d21764a30a14769ecd62170fba28539b211799bbaf232bbb2789
  languageName: node
  linkType: hard

"@babel/runtime@npm:^7.6.3, @babel/runtime@npm:^7.9.2":
  version: 7.20.1
  resolution: "@babel/runtime@npm:7.20.1"
  dependencies:
    regenerator-runtime: "npm:^0.13.10"
  checksum: 577c0eaa02ab2d5e0d479c78d005a00ce9a0bc4d7df3c88c4b6802bfdbdf83a2c9018e078b0b64ec74e7748c9f69b6f57a15231987de89f6d64a0e241d410b93
  languageName: node
  linkType: hard

"@esbuild/android-arm@npm:0.15.12":
  version: 0.15.12
  resolution: "@esbuild/android-arm@npm:0.15.12"
  conditions: os=android & cpu=arm
  languageName: node
  linkType: hard

"@esbuild/linux-loong64@npm:0.15.12":
  version: 0.15.12
  resolution: "@esbuild/linux-loong64@npm:0.15.12"
  conditions: os=linux & cpu=loong64
  languageName: node
  linkType: hard

"@redux-saga/core@npm:^1.2.1":
  version: 1.2.1
  resolution: "@redux-saga/core@npm:1.2.1"
  dependencies:
    "@babel/runtime": "npm:^7.6.3"
    "@redux-saga/deferred": "npm:^1.2.1"
    "@redux-saga/delay-p": "npm:^1.2.1"
    "@redux-saga/is": "npm:^1.1.3"
    "@redux-saga/symbols": "npm:^1.1.3"
    "@redux-saga/types": "npm:^1.2.1"
    redux: "npm:^4.0.4"
    typescript-tuple: "npm:^2.2.1"
  checksum: e536f69192022e34d206dab7132f8f1f1f97d922653cb6c256e8535b3e9e2a2207ffd0f9f2fb8e9cb2626b299475afcf407de002ee92feb5f9da46a3e33d60c1
  languageName: node
  linkType: hard

"@redux-saga/deferred@npm:^1.2.1":
  version: 1.2.1
  resolution: "@redux-saga/deferred@npm:1.2.1"
  checksum: d06af67b3da8fb9932e5ab6c75de999be113c757f0bc05688e3509ec26c73e823eae6d16626079691342caedc3b179bd2665a006690a9fc372eea80b5bf0d404
  languageName: node
  linkType: hard

"@redux-saga/delay-p@npm:^1.2.1":
  version: 1.2.1
  resolution: "@redux-saga/delay-p@npm:1.2.1"
  dependencies:
    "@redux-saga/symbols": "npm:^1.1.3"
  checksum: 060533ce8ba6b919caa5d47961eb5d8c1d171519fccd5d44208c26a0b94f3f315c8ea440f1b23af70ed53ebd0445b64567d6a0ac9663a6f703dd8088746ce2b5
  languageName: node
  linkType: hard

"@redux-saga/is@npm:^1.1.3":
  version: 1.1.3
  resolution: "@redux-saga/is@npm:1.1.3"
  dependencies:
    "@redux-saga/symbols": "npm:^1.1.3"
    "@redux-saga/types": "npm:^1.2.1"
  checksum: 36907fcd8bd6acfdcc2e4cca8bb1ae0676e4169375da7dc1ef0dab66b6e367417e1653def98d02ee8e8f654de1f3694d15e5110a614444d3f9f1ad6169476bea
  languageName: node
  linkType: hard

"@redux-saga/symbols@npm:^1.1.3":
  version: 1.1.3
  resolution: "@redux-saga/symbols@npm:1.1.3"
  checksum: 005cb0939673c0c50b477c40df942e10c31d4f3405561c223640c6f8c2bd29cb207ad089a02ad79a8777f307e128904f00336358aba7e72869f1263fe6744b3e
  languageName: node
  linkType: hard

"@redux-saga/types@npm:^1.2.1":
  version: 1.2.1
  resolution: "@redux-saga/types@npm:1.2.1"
  checksum: 521bda9f19cb28c9572bcef28b065908d10b3acec5ad27d0b8993f4d21ecb2ccef8cdbce459e27c60f7cc6a8b87d5d5231048ddb1026527e05d145ea0db5aec2
  languageName: node
  linkType: hard

"@types/fs-extra@npm:^9.0.13":
  version: 9.0.13
  resolution: "@types/fs-extra@npm:9.0.13"
  dependencies:
    "@types/node": "npm:*"
  checksum: ac545e377248039c596ef27d9f277b813507ebdd95d05f32fe7e9c67eb1ed567dafb4ba59f5fdcb6601dd7fd396ff9ba24f8c122e89cef096cdc17987c50a7fa
  languageName: node
  linkType: hard

"@types/lodash@npm:^4.14.184":
  version: 4.14.187
  resolution: "@types/lodash@npm:4.14.187"
  checksum: 262cca141079e37253ecf8f53b17e4ac80fb92737a222fb6bf077d411672ab8bfd00a42bac2201b96e0234bfef3bf5991163be37220602210178cee16571465f
  languageName: node
  linkType: hard

"@types/node@npm:*, @types/node@npm:^18.7.8":
  version: 18.11.9
  resolution: "@types/node@npm:18.11.9"
  checksum: d87a947519d8c1569b812a95cd18383f7a1500204c18454b69ba817f4aef2a563bb925432debcab25a3db1ba116c8ddb1ef79d8fded054fb3866424847325bae
  languageName: node
  linkType: hard

"@types/parse-json@npm:^4.0.0":
  version: 4.0.0
  resolution: "@types/parse-json@npm:4.0.0"
  checksum: 4df9de98150d2978afc2161482a3a8e6617883effba3223324f079de97ba7eabd7d84b90ced11c3f82b0c08d4a8383f678c9f73e9c41258f769b3fa234a2bb4f
  languageName: node
  linkType: hard

"ansi-regex@npm:^6.0.1":
  version: 6.0.1
  resolution: "ansi-regex@npm:6.0.1"
  checksum: 1ff8b7667cded1de4fa2c9ae283e979fc87036864317da86a2e546725f96406746411d0d85e87a2d12fa5abd715d90006de7fa4fa0477c92321ad3b4c7d4e169
  languageName: node
  linkType: hard

"ansi-styles@npm:^3.2.1":
  version: 3.2.1
  resolution: "ansi-styles@npm:3.2.1"
  dependencies:
    color-convert: "npm:^1.9.0"
  checksum: d85ade01c10e5dd77b6c89f34ed7531da5830d2cb5882c645f330079975b716438cd7ebb81d0d6e6b4f9c577f19ae41ab55f07f19786b02f9dfd9e0377395665
  languageName: node
  linkType: hard

"balanced-match@npm:^1.0.0":
  version: 1.0.2
  resolution: "balanced-match@npm:1.0.2"
  checksum: 9706c088a283058a8a99e0bf91b0a2f75497f185980d9ffa8b304de1d9e58ebda7c72c07ebf01dadedaac5b2907b2c6f566f660d62bd336c3468e960403b9d65
  languageName: node
  linkType: hard

"batching-toposort@npm:^1.2.0":
  version: 1.2.0
  resolution: "batching-toposort@npm:1.2.0"
  checksum: 34f3a1f6b3d3466bb44cf3c71d256f98808fb8826a0deb97051d0b1db58b36d99a8d7468d256e90b7528cb0b3a3b8f96c9e7549f5ba7c03657eddbae4780c362
  languageName: node
  linkType: hard

"brace-expansion@npm:^1.1.7":
  version: 1.1.11
  resolution: "brace-expansion@npm:1.1.11"
  dependencies:
    balanced-match: "npm:^1.0.0"
    concat-map: "npm:0.0.1"
  checksum: faf34a7bb0c3fcf4b59c7808bc5d2a96a40988addf2e7e09dfbb67a2251800e0d14cd2bfc1aa79174f2f5095c54ff27f46fb1289fe2d77dac755b5eb3434cc07
  languageName: node
  linkType: hard

"callsites@npm:^3.0.0":
  version: 3.1.0
  resolution: "callsites@npm:3.1.0"
  checksum: 072d17b6abb459c2ba96598918b55868af677154bec7e73d222ef95a8fdb9bbf7dae96a8421085cdad8cd190d86653b5b6dc55a4484f2e5b2e27d5e0c3fc15b3
  languageName: node
  linkType: hard

"chalk@npm:^2.0.0":
  version: 2.4.2
  resolution: "chalk@npm:2.4.2"
  dependencies:
    ansi-styles: "npm:^3.2.1"
    escape-string-regexp: "npm:^1.0.5"
    supports-color: "npm:^5.3.0"
  checksum: 3d1d103433166f6bfe82ac75724951b33769675252d8417317363ef9d54699b7c3b2d46671b772b893a8e50c3ece70c4b933c73c01e81bc60ea4df9b55afa303
  languageName: node
  linkType: hard

"chalk@npm:^5.0.1":
  version: 5.1.2
  resolution: "chalk@npm:5.1.2"
  checksum: 536e2a39efa81ad302701e740e60163c479aafed125608e65d454595ab4a311a48a5ec799601f0c1fc563b3fae2f457cb86e30d544d4cbe51b348ded48defd79
  languageName: node
  linkType: hard

"color-convert@npm:^1.9.0":
  version: 1.9.3
  resolution: "color-convert@npm:1.9.3"
  dependencies:
    color-name: "npm:1.1.3"
  checksum: ffa319025045f2973919d155f25e7c00d08836b6b33ea2d205418c59bd63a665d713c52d9737a9e0fe467fb194b40fbef1d849bae80d674568ee220a31ef3d10
  languageName: node
  linkType: hard

"color-name@npm:1.1.3":
  version: 1.1.3
  resolution: "color-name@npm:1.1.3"
  checksum: 09c5d3e33d2105850153b14466501f2bfb30324a2f76568a408763a3b7433b0e50e5b4ab1947868e65cb101bb7cb75029553f2c333b6d4b8138a73fcc133d69d
  languageName: node
  linkType: hard

"commander@npm:^9.4.0":
  version: 9.4.1
  resolution: "commander@npm:9.4.1"
  checksum: 9d0d1d7e816545cf5ebf25e303533e45af2f941731063587d04917ac9fb6c81f59690aa8bda60d9b88d8aac018fdef6735ed953e72fdab08bb8b778bd4e0ef95
  languageName: node
  linkType: hard

"concat-map@npm:0.0.1":
  version: 0.0.1
  resolution: "concat-map@npm:0.0.1"
  checksum: 9680699c8e2b3af0ae22592cb764acaf973f292a7b71b8a06720233011853a58e256c89216a10cbe889727532fd77f8bcd49a760cedfde271b8e006c20e079f2
  languageName: node
  linkType: hard

"cosmiconfig@npm:^7.0.1":
  version: 7.0.1
  resolution: "cosmiconfig@npm:7.0.1"
  dependencies:
    "@types/parse-json": "npm:^4.0.0"
    import-fresh: "npm:^3.2.1"
    parse-json: "npm:^5.0.0"
    path-type: "npm:^4.0.0"
    yaml: "npm:^1.10.0"
  checksum: 861bf4c2c9e88e6c50f14278b25bb0509c484623de11fadf3788a3d543bc7c45178aeebeb6657293b12dc8bd1b86d926c5f25c803c4dc3821d628a1b24c3d20b
  languageName: node
  linkType: hard

"cross-spawn@npm:^7.0.3":
  version: 7.0.3
  resolution: "cross-spawn@npm:7.0.3"
  dependencies:
    path-key: "npm:^3.1.0"
    shebang-command: "npm:^2.0.0"
    which: "npm:^2.0.1"
  checksum: e1a13869d2f57d974de0d9ef7acbf69dc6937db20b918525a01dacb5032129bd552d290d886d981e99f1b624cb03657084cc87bd40f115c07ecf376821c729ce
  languageName: node
  linkType: hard

"error-ex@npm:^1.3.1":
  version: 1.3.2
  resolution: "error-ex@npm:1.3.2"
  dependencies:
    is-arrayish: "npm:^0.2.1"
  checksum: d547740aa29c34e753fb6fed2c5de81802438529c12b3673bd37b6bb1fe49b9b7abdc3c11e6062fe625d8a296b3cf769a80f878865e25e685f787763eede3ffb
  languageName: node
  linkType: hard

"esbuild-android-64@npm:0.15.12":
  version: 0.15.12
  resolution: "esbuild-android-64@npm:0.15.12"
  conditions: os=android & cpu=x64
  languageName: node
  linkType: hard

"esbuild-android-arm64@npm:0.15.12":
  version: 0.15.12
  resolution: "esbuild-android-arm64@npm:0.15.12"
  conditions: os=android & cpu=arm64
  languageName: node
  linkType: hard

"esbuild-darwin-64@npm:0.15.12":
  version: 0.15.12
  resolution: "esbuild-darwin-64@npm:0.15.12"
  conditions: os=darwin & cpu=x64
  languageName: node
  linkType: hard

"esbuild-darwin-arm64@npm:0.15.12":
  version: 0.15.12
  resolution: "esbuild-darwin-arm64@npm:0.15.12"
  conditions: os=darwin & cpu=arm64
  languageName: node
  linkType: hard

"esbuild-freebsd-64@npm:0.15.12":
  version: 0.15.12
  resolution: "esbuild-freebsd-64@npm:0.15.12"
  conditions: os=freebsd & cpu=x64
  languageName: node
  linkType: hard

"esbuild-freebsd-arm64@npm:0.15.12":
  version: 0.15.12
  resolution: "esbuild-freebsd-arm64@npm:0.15.12"
  conditions: os=freebsd & cpu=arm64
  languageName: node
  linkType: hard

"esbuild-linux-32@npm:0.15.12":
  version: 0.15.12
  resolution: "esbuild-linux-32@npm:0.15.12"
  conditions: os=linux & cpu=ia32
  languageName: node
  linkType: hard

"esbuild-linux-64@npm:0.15.12":
  version: 0.15.12
  resolution: "esbuild-linux-64@npm:0.15.12"
  conditions: os=linux & cpu=x64
  languageName: node
  linkType: hard

"esbuild-linux-arm64@npm:0.15.12":
  version: 0.15.12
  resolution: "esbuild-linux-arm64@npm:0.15.12"
  conditions: os=linux & cpu=arm64
  languageName: node
  linkType: hard

"esbuild-linux-arm@npm:0.15.12":
  version: 0.15.12
  resolution: "esbuild-linux-arm@npm:0.15.12"
  conditions: os=linux & cpu=arm
  languageName: node
  linkType: hard

"esbuild-linux-mips64le@npm:0.15.12":
  version: 0.15.12
  resolution: "esbuild-linux-mips64le@npm:0.15.12"
  conditions: os=linux & cpu=mips64el
  languageName: node
  linkType: hard

"esbuild-linux-ppc64le@npm:0.15.12":
  version: 0.15.12
  resolution: "esbuild-linux-ppc64le@npm:0.15.12"
  conditions: os=linux & cpu=ppc64
  languageName: node
  linkType: hard

"esbuild-linux-riscv64@npm:0.15.12":
  version: 0.15.12
  resolution: "esbuild-linux-riscv64@npm:0.15.12"
  conditions: os=linux & cpu=riscv64
  languageName: node
  linkType: hard

"esbuild-linux-s390x@npm:0.15.12":
  version: 0.15.12
  resolution: "esbuild-linux-s390x@npm:0.15.12"
  conditions: os=linux & cpu=s390x
  languageName: node
  linkType: hard

"esbuild-netbsd-64@npm:0.15.12":
  version: 0.15.12
  resolution: "esbuild-netbsd-64@npm:0.15.12"
  conditions: os=netbsd & cpu=x64
  languageName: node
  linkType: hard

"esbuild-openbsd-64@npm:0.15.12":
  version: 0.15.12
  resolution: "esbuild-openbsd-64@npm:0.15.12"
  conditions: os=openbsd & cpu=x64
  languageName: node
  linkType: hard

"esbuild-register@npm:^3.3.3":
  version: 3.3.3
  resolution: "esbuild-register@npm:3.3.3"
  peerDependencies:
    esbuild: ">=0.12 <1"
  checksum: 18f74d9606cad6a053b7406200c8ebe854074e31e101f41b659985ea5964ee3fb0d10c5f76a3b72efc3e04bb61f303ac3bdf210046fb23a9ec73b476b99c3581
  languageName: node
  linkType: hard

"esbuild-sunos-64@npm:0.15.12":
  version: 0.15.12
  resolution: "esbuild-sunos-64@npm:0.15.12"
  conditions: os=sunos & cpu=x64
  languageName: node
  linkType: hard

"esbuild-windows-32@npm:0.15.12":
  version: 0.15.12
  resolution: "esbuild-windows-32@npm:0.15.12"
  conditions: os=win32 & cpu=ia32
  languageName: node
  linkType: hard

"esbuild-windows-64@npm:0.15.12":
  version: 0.15.12
  resolution: "esbuild-windows-64@npm:0.15.12"
  conditions: os=win32 & cpu=x64
  languageName: node
  linkType: hard

"esbuild-windows-arm64@npm:0.15.12":
  version: 0.15.12
  resolution: "esbuild-windows-arm64@npm:0.15.12"
  conditions: os=win32 & cpu=arm64
  languageName: node
  linkType: hard

"esbuild@npm:^0.15.12":
  version: 0.15.12
  resolution: "esbuild@npm:0.15.12"
  dependencies:
    "@esbuild/android-arm": "npm:0.15.12"
    "@esbuild/linux-loong64": "npm:0.15.12"
    esbuild-android-64: "npm:0.15.12"
    esbuild-android-arm64: "npm:0.15.12"
    esbuild-darwin-64: "npm:0.15.12"
    esbuild-darwin-arm64: "npm:0.15.12"
    esbuild-freebsd-64: "npm:0.15.12"
    esbuild-freebsd-arm64: "npm:0.15.12"
    esbuild-linux-32: "npm:0.15.12"
    esbuild-linux-64: "npm:0.15.12"
    esbuild-linux-arm: "npm:0.15.12"
    esbuild-linux-arm64: "npm:0.15.12"
    esbuild-linux-mips64le: "npm:0.15.12"
    esbuild-linux-ppc64le: "npm:0.15.12"
    esbuild-linux-riscv64: "npm:0.15.12"
    esbuild-linux-s390x: "npm:0.15.12"
    esbuild-netbsd-64: "npm:0.15.12"
    esbuild-openbsd-64: "npm:0.15.12"
    esbuild-sunos-64: "npm:0.15.12"
    esbuild-windows-32: "npm:0.15.12"
    esbuild-windows-64: "npm:0.15.12"
    esbuild-windows-arm64: "npm:0.15.12"
  dependenciesMeta:
    "@esbuild/android-arm":
      optional: true
    "@esbuild/linux-loong64":
      optional: true
    esbuild-android-64:
      optional: true
    esbuild-android-arm64:
      optional: true
    esbuild-darwin-64:
      optional: true
    esbuild-darwin-arm64:
      optional: true
    esbuild-freebsd-64:
      optional: true
    esbuild-freebsd-arm64:
      optional: true
    esbuild-linux-32:
      optional: true
    esbuild-linux-64:
      optional: true
    esbuild-linux-arm:
      optional: true
    esbuild-linux-arm64:
      optional: true
    esbuild-linux-mips64le:
      optional: true
    esbuild-linux-ppc64le:
      optional: true
    esbuild-linux-riscv64:
      optional: true
    esbuild-linux-s390x:
      optional: true
    esbuild-netbsd-64:
      optional: true
    esbuild-openbsd-64:
      optional: true
    esbuild-sunos-64:
      optional: true
    esbuild-windows-32:
      optional: true
    esbuild-windows-64:
      optional: true
    esbuild-windows-arm64:
      optional: true
  bin:
    esbuild: bin/esbuild
  checksum: 197de07a30f05afff13ee729cc621ca175d263806227458ec62db0f347b5fc978794b757991875ee94964a027813a0f47a1f473974a24e2effada21ea87c0e1d
  languageName: node
  linkType: hard

"escape-string-regexp@npm:^1.0.5":
  version: 1.0.5
  resolution: "escape-string-regexp@npm:1.0.5"
  checksum: 6092fda75c63b110c706b6a9bfde8a612ad595b628f0bd2147eea1d3406723020810e591effc7db1da91d80a71a737a313567c5abb3813e8d9c71f4aa595b410
  languageName: node
  linkType: hard

"eventemitter3@npm:^4.0.7":
  version: 4.0.7
  resolution: "eventemitter3@npm:4.0.7"
  checksum: 8030029382404942c01d0037079f1b1bc8fed524b5849c237b80549b01e2fc49709e1d0c557fa65ca4498fc9e24cff1475ef7b855121fcc15f9d61f93e282346
  languageName: node
  linkType: hard

"execa@npm:^6.1.0":
  version: 6.1.0
  resolution: "execa@npm:6.1.0"
  dependencies:
    cross-spawn: "npm:^7.0.3"
    get-stream: "npm:^6.0.1"
    human-signals: "npm:^3.0.1"
    is-stream: "npm:^3.0.0"
    merge-stream: "npm:^2.0.0"
    npm-run-path: "npm:^5.1.0"
    onetime: "npm:^6.0.0"
    signal-exit: "npm:^3.0.7"
    strip-final-newline: "npm:^3.0.0"
  checksum: 669437011a7896b41b6b84786f9054c93202cb8336bd4fe15b6376bcddc37fd31f2e81f7f446fa1de519cbe831a0b93457ee185e5072caee1f230366f7d07aef
  languageName: node
  linkType: hard

"fs-extra@npm:^10.1.0":
  version: 10.1.0
  resolution: "fs-extra@npm:10.1.0"
  dependencies:
    graceful-fs: "npm:^4.2.0"
    jsonfile: "npm:^6.0.1"
    universalify: "npm:^2.0.0"
  checksum: 05ce2c3b59049bcb7b52001acd000e44b3c4af4ec1f8839f383ef41ec0048e3cfa7fd8a637b1bddfefad319145db89be91f4b7c1db2908205d38bf91e7d1d3b7
  languageName: node
  linkType: hard

"fs.realpath@npm:^1.0.0":
  version: 1.0.0
  resolution: "fs.realpath@npm:1.0.0"
  checksum: e703107c28e362d8d7b910bbcbfd371e640a3bb45ae157a362b5952c0030c0b6d4981140ec319b347bce7adc025dd7813da1ff908a945ac214d64f5402a51b96
  languageName: node
  linkType: hard

"get-stream@npm:^6.0.1":
  version: 6.0.1
  resolution: "get-stream@npm:6.0.1"
  checksum: 781266d29725f35c59f1d214aedc92b0ae855800a980800e2923b3fbc4e56b3cb6e462c42e09a1cf1a00c64e056a78fa407cbe06c7c92b7e5cd49b4b85c2a497
  languageName: node
  linkType: hard

"glob@npm:^7.1.3":
  version: 7.2.3
  resolution: "glob@npm:7.2.3"
  dependencies:
    fs.realpath: "npm:^1.0.0"
    inflight: "npm:^1.0.4"
    inherits: "npm:2"
    minimatch: "npm:^3.1.1"
    once: "npm:^1.3.0"
    path-is-absolute: "npm:^1.0.0"
  checksum: 59452a9202c81d4508a43b8af7082ca5c76452b9fcc4a9ab17655822e6ce9b21d4f8fbadabe4fe3faef448294cec249af305e2cd824b7e9aaf689240e5e96a7b
  languageName: node
  linkType: hard

"graceful-fs@npm:^4.1.6, graceful-fs@npm:^4.2.0":
  version: 4.2.10
  resolution: "graceful-fs@npm:4.2.10"
  checksum: 0c83c52b62c68a944dcfb9d66b0f9f10f7d6e3d081e8067b9bfdc9e5f3a8896584d576036f82915773189eec1eba599397fc620e75c03c0610fb3d67c6713c1a
  languageName: node
  linkType: hard

"has-flag@npm:^3.0.0":
  version: 3.0.0
  resolution: "has-flag@npm:3.0.0"
  checksum: 4a15638b454bf086c8148979aae044dd6e39d63904cd452d970374fa6a87623423da485dfb814e7be882e05c096a7ccf1ebd48e7e7501d0208d8384ff4dea73b
  languageName: node
  linkType: hard

"human-signals@npm:^3.0.1":
  version: 3.0.1
  resolution: "human-signals@npm:3.0.1"
  checksum: 0b2741651e668ddebbc9ba5163c9c33cd4f837270133eda5831f50374d010e7eacc415fe5ed04b4b113d9779a81eef1d03467a7c7eb55ec094b2bd1dd8d3a837
  languageName: node
  linkType: hard

"immer@npm:^9.0.15":
  version: 9.0.16
  resolution: "immer@npm:9.0.16"
  checksum: 071d293409e53f1ceae7e32a8feb91379d4f1f1d26a35a3075b56b2170fd5c91666f648bcee0f259184e2bc5bf37e6e64ae325ff32b4e2289aba45a34ea86842
  languageName: node
  linkType: hard

"import-fresh@npm:^3.2.1":
  version: 3.3.0
  resolution: "import-fresh@npm:3.3.0"
  dependencies:
    parent-module: "npm:^1.0.0"
    resolve-from: "npm:^4.0.0"
  checksum: 2cacfad06e652b1edc50be650f7ec3be08c5e5a6f6d12d035c440a42a8cc028e60a5b99ca08a77ab4d6b1346da7d971915828f33cdab730d3d42f08242d09baa
  languageName: node
  linkType: hard

"inflight@npm:^1.0.4":
  version: 1.0.6
  resolution: "inflight@npm:1.0.6"
  dependencies:
    once: "npm:^1.3.0"
    wrappy: "npm:1"
  checksum: d2ebd65441a38c8336c223d1b80b921b9fa737e37ea466fd7e253cb000c64ae1f17fa59e68130ef5bda92cfd8d36b83d37dab0eb0a4558bcfec8e8cdfd2dcb67
  languageName: node
  linkType: hard

"inherits@npm:2":
  version: 2.0.4
  resolution: "inherits@npm:2.0.4"
  checksum: cd45e923bee15186c07fa4c89db0aace24824c482fb887b528304694b2aa6ff8a898da8657046a5dcf3e46cd6db6c61629551f9215f208d7c3f157cf9b290521
  languageName: node
  linkType: hard

"is-arrayish@npm:^0.2.1":
  version: 0.2.1
  resolution: "is-arrayish@npm:0.2.1"
  checksum: 73ced84fa35e59e2c57da2d01e12cd01479f381d7f122ce41dcbb713f09dbfc651315832cd2bf8accba7681a69e4d6f1e03941d94dd10040d415086360e7005e
  languageName: node
  linkType: hard

"is-stream@npm:^3.0.0":
  version: 3.0.0
  resolution: "is-stream@npm:3.0.0"
  checksum: 172093fe99119ffd07611ab6d1bcccfe8bc4aa80d864b15f43e63e54b7abc71e779acd69afdb854c4e2a67fdc16ae710e370eda40088d1cfc956a50ed82d8f16
  languageName: node
  linkType: hard

"isexe@npm:^2.0.0":
  version: 2.0.0
  resolution: "isexe@npm:2.0.0"
  checksum: 7c9f715c03aff08f35e98b1fadae1b9267b38f0615d501824f9743f3aab99ef10e303ce7db3f186763a0b70a19de5791ebfc854ff884d5a8c4d92211f642ec92
  languageName: node
  linkType: hard

"js-tokens@npm:^4.0.0":
  version: 4.0.0
  resolution: "js-tokens@npm:4.0.0"
  checksum: af37d0d913fb56aec6dc0074c163cc71cd23c0b8aad5c2350747b6721d37ba118af35abdd8b33c47ec2800de07dedb16a527ca9c530ee004093e04958bd0cbf2
  languageName: node
  linkType: hard

"json-parse-even-better-errors@npm:^2.3.0":
  version: 2.3.1
  resolution: "json-parse-even-better-errors@npm:2.3.1"
  checksum: 5f3a99009ed5f2a5a67d06e2f298cc97bc86d462034173308156f15b43a6e850be8511dc204b9b94566305da2947f7d90289657237d210351a39059ff9d666cf
  languageName: node
  linkType: hard

"jsonfile@npm:^6.0.1":
  version: 6.1.0
  resolution: "jsonfile@npm:6.1.0"
  dependencies:
    graceful-fs: "npm:^4.1.6"
    universalify: "npm:^2.0.0"
  dependenciesMeta:
    graceful-fs:
      optional: true
  checksum: 03014769e7dc77d4cf05fa0b534907270b60890085dd5e4d60a382ff09328580651da0b8b4cdf44d91e4c8ae64d91791d965f05707beff000ed494a38b6fec85
  languageName: node
  linkType: hard

"lines-and-columns@npm:^1.1.6":
  version: 1.2.4
  resolution: "lines-and-columns@npm:1.2.4"
  checksum: 0c37f9f7fa212b38912b7145e1cd16a5f3cd34d782441c3e6ca653485d326f58b3caccda66efce1c5812bde4961bbde3374fae4b0d11bf1226152337f3894aa5
  languageName: node
  linkType: hard

"lodash@npm:^4.17.21":
  version: 4.17.21
  resolution: "lodash@npm:4.17.21"
  checksum: c08619c038846ea6ac754abd6dd29d2568aa705feb69339e836dfa8d8b09abbb2f859371e86863eda41848221f9af43714491467b5b0299122431e202bb0c532
  languageName: node
  linkType: hard

"merge-stream@npm:^2.0.0":
  version: 2.0.0
  resolution: "merge-stream@npm:2.0.0"
  checksum: 6fa4dcc8d86629705cea944a4b88ef4cb0e07656ebf223fa287443256414283dd25d91c1cd84c77987f2aec5927af1a9db6085757cb43d90eb170ebf4b47f4f4
  languageName: node
  linkType: hard

"mimic-fn@npm:^4.0.0":
  version: 4.0.0
  resolution: "mimic-fn@npm:4.0.0"
  checksum: 995dcece15ee29aa16e188de6633d43a3db4611bcf93620e7e62109ec41c79c0f34277165b8ce5e361205049766e371851264c21ac64ca35499acb5421c2ba56
  languageName: node
  linkType: hard

"minimatch@npm:^3.1.1":
  version: 3.1.2
  resolution: "minimatch@npm:3.1.2"
  dependencies:
    brace-expansion: "npm:^1.1.7"
  checksum: e0b25b04cd4ec6732830344e5739b13f8690f8a012d73445a4a19fbc623f5dd481ef7a5827fde25954cd6026fede7574cc54dc4643c99d6c6b653d6203f94634
  languageName: node
  linkType: hard

"nix-task@workspace:.":
  version: 0.0.0-use.local
  resolution: "nix-task@workspace:."
  dependencies:
    "@types/fs-extra": "npm:^9.0.13"
    "@types/lodash": "npm:^4.14.184"
    "@types/node": "npm:^18.7.8"
    batching-toposort: "npm:^1.2.0"
    chalk: "npm:^5.0.1"
    commander: "npm:^9.4.0"
    cosmiconfig: "npm:^7.0.1"
    esbuild: "npm:^0.15.12"
    esbuild-register: "npm:^3.3.3"
    execa: "npm:^6.1.0"
    fs-extra: "npm:^10.1.0"
    immer: "npm:^9.0.15"
    lodash: "npm:^4.17.21"
    p-queue: "npm:^7.3.4"
    redux-saga: "npm:^1.2.1"
    strip-ansi: "npm:^7.0.1"
    tmp-promise: "npm:^3.0.3"
    tree-kill: "npm:^1.2.2"
    typescript: "npm:4.9.1-beta"
  bin:
    nix-task: nix-task.js
  languageName: unknown
  linkType: soft

"npm-run-path@npm:^5.1.0":
  version: 5.1.0
  resolution: "npm-run-path@npm:5.1.0"
  dependencies:
    path-key: "npm:^4.0.0"
  checksum: dc184eb5ec239d6a2b990b43236845332ef12f4e0beaa9701de724aa797fe40b6bbd0157fb7639d24d3ab13f5d5cf22d223a19c6300846b8126f335f788bee66
  languageName: node
  linkType: hard

"once@npm:^1.3.0":
  version: 1.4.0
  resolution: "once@npm:1.4.0"
  dependencies:
    wrappy: "npm:1"
  checksum: cd0a88501333edd640d95f0d2700fbde6bff20b3d4d9bdc521bdd31af0656b5706570d6c6afe532045a20bb8dc0849f8332d6f2a416e0ba6d3d3b98806c7db68
  languageName: node
  linkType: hard

"onetime@npm:^6.0.0":
  version: 6.0.0
  resolution: "onetime@npm:6.0.0"
  dependencies:
    mimic-fn: "npm:^4.0.0"
  checksum: 0846ce78e440841335d4e9182ef69d5762e9f38aa7499b19f42ea1c4cd40f0b4446094c455c713f9adac3f4ae86f613bb5e30c99e52652764d06a89f709b3788
  languageName: node
  linkType: hard

"p-queue@npm:^7.3.4":
  version: 7.3.4
  resolution: "p-queue@npm:7.3.4"
  dependencies:
    eventemitter3: "npm:^4.0.7"
    p-timeout: "npm:^5.0.2"
  checksum: 5249f9a24635012929f4e9c0f2e36274bc0b6a571a2df61c3c77d9e843442bb29193cdeac18cbeaa98f65f1e329c9cd28187ac1dc07d6dfc1facc93919527aa8
  languageName: node
  linkType: hard

"p-timeout@npm:^5.0.2":
  version: 5.1.0
  resolution: "p-timeout@npm:5.1.0"
  checksum: f5cd4e17301ff1ff1d8dbf2817df0ad88c6bba99349fc24d8d181827176ad4f8aca649190b8a5b1a428dfd6ddc091af4606835d3e0cb0656e04045da5c9e270c
  languageName: node
  linkType: hard

"parent-module@npm:^1.0.0":
  version: 1.0.1
  resolution: "parent-module@npm:1.0.1"
  dependencies:
    callsites: "npm:^3.0.0"
  checksum: 6ba8b255145cae9470cf5551eb74be2d22281587af787a2626683a6c20fbb464978784661478dd2a3f1dad74d1e802d403e1b03c1a31fab310259eec8ac560ff
  languageName: node
  linkType: hard

"parse-json@npm:^5.0.0":
  version: 5.2.0
  resolution: "parse-json@npm:5.2.0"
  dependencies:
    "@babel/code-frame": "npm:^7.0.0"
    error-ex: "npm:^1.3.1"
    json-parse-even-better-errors: "npm:^2.3.0"
    lines-and-columns: "npm:^1.1.6"
  checksum: 62085b17d64da57f40f6afc2ac1f4d95def18c4323577e1eced571db75d9ab59b297d1d10582920f84b15985cbfc6b6d450ccbf317644cfa176f3ed982ad87e2
  languageName: node
  linkType: hard

"path-is-absolute@npm:^1.0.0":
  version: 1.0.1
  resolution: "path-is-absolute@npm:1.0.1"
  checksum: 060840f92cf8effa293bcc1bea81281bd7d363731d214cbe5c227df207c34cd727430f70c6037b5159c8a870b9157cba65e775446b0ab06fd5ecc7e54615a3b8
  languageName: node
  linkType: hard

"path-key@npm:^3.1.0":
  version: 3.1.1
  resolution: "path-key@npm:3.1.1"
  checksum: 55cd7a9dd4b343412a8386a743f9c746ef196e57c823d90ca3ab917f90ab9f13dd0ded27252ba49dbdfcab2b091d998bc446f6220cd3cea65db407502a740020
  languageName: node
  linkType: hard

"path-key@npm:^4.0.0":
  version: 4.0.0
  resolution: "path-key@npm:4.0.0"
  checksum: 8e6c314ae6d16b83e93032c61020129f6f4484590a777eed709c4a01b50e498822b00f76ceaf94bc64dbd90b327df56ceadce27da3d83393790f1219e07721d7
  languageName: node
  linkType: hard

"path-type@npm:^4.0.0":
  version: 4.0.0
  resolution: "path-type@npm:4.0.0"
  checksum: 5b1e2daa247062061325b8fdbfd1fb56dde0a448fb1455453276ea18c60685bdad23a445dc148cf87bc216be1573357509b7d4060494a6fd768c7efad833ee45
  languageName: node
  linkType: hard

"redux-saga@npm:^1.2.1":
  version: 1.2.1
  resolution: "redux-saga@npm:1.2.1"
  dependencies:
    "@redux-saga/core": "npm:^1.2.1"
  checksum: ab957c91231d7080b56a5ed424352fac4e9f76afb2d597f394cb4bf6e2cb39be57b7a8a26c35124e37985bdbe561b53f933ef43b975ead1a1c2ec7055f5de889
  languageName: node
  linkType: hard

"redux@npm:^4.0.4":
  version: 4.2.0
  resolution: "redux@npm:4.2.0"
  dependencies:
    "@babel/runtime": "npm:^7.9.2"
  checksum: d3c586271732f0838f7439c1a914d01ca67b4e048a1568256194e324f8826e725938eadf63450953d553c13ec1b85fe5b13b6e7d34c375bba0bedd5a04389f94
  languageName: node
  linkType: hard

"regenerator-runtime@npm:^0.13.10":
  version: 0.13.10
  resolution: "regenerator-runtime@npm:0.13.10"
  checksum: 98be8e76621b20018f638201eccb55bb32a39f6fddc2ad24486af5e66d51346bbb6c7a803d9ffd8e07f400b19027cee04ef550e8747c1baf55c9df7f6f3a34fa
  languageName: node
  linkType: hard

"resolve-from@npm:^4.0.0":
  version: 4.0.0
  resolution: "resolve-from@npm:4.0.0"
  checksum: 91eb76ce83621eea7bbdd9b55121a5c1c4a39e54a9ce04a9ad4517f102f8b5131c2cf07622c738a6683991bf54f2ce178f5a42803ecbd527ddc5105f362cc9e3
  languageName: node
  linkType: hard

"rimraf@npm:^3.0.0":
  version: 3.0.2
  resolution: "rimraf@npm:3.0.2"
  dependencies:
    glob: "npm:^7.1.3"
  bin:
    rimraf: bin.js
  checksum: 063ffaccaaaca2cfd0ef3beafb12d6a03dd7ff1260d752d62a6077b5dfff6ae81bea571f655bb6b589d366930ec1bdd285d40d560c0dae9b12f125e54eb743d5
  languageName: node
  linkType: hard

"shebang-command@npm:^2.0.0":
  version: 2.0.0
  resolution: "shebang-command@npm:2.0.0"
  dependencies:
    shebang-regex: "npm:^3.0.0"
  checksum: 6b52fe87271c12968f6a054e60f6bde5f0f3d2db483a1e5c3e12d657c488a15474121a1d55cd958f6df026a54374ec38a4a963988c213b7570e1d51575cea7fa
  languageName: node
  linkType: hard

"shebang-regex@npm:^3.0.0":
  version: 3.0.0
  resolution: "shebang-regex@npm:3.0.0"
  checksum: 1a2bcae50de99034fcd92ad4212d8e01eedf52c7ec7830eedcf886622804fe36884278f2be8be0ea5fde3fd1c23911643a4e0f726c8685b61871c8908af01222
  languageName: node
  linkType: hard

"signal-exit@npm:^3.0.7":
  version: 3.0.7
  resolution: "signal-exit@npm:3.0.7"
  checksum: a2f098f247adc367dffc27845853e9959b9e88b01cb301658cfe4194352d8d2bb32e18467c786a7fe15f1d44b233ea35633d076d5e737870b7139949d1ab6318
  languageName: node
  linkType: hard

"strip-ansi@npm:^7.0.1":
  version: 7.0.1
  resolution: "strip-ansi@npm:7.0.1"
  dependencies:
    ansi-regex: "npm:^6.0.1"
  checksum: 07b3142f515d673e05d2da1ae07bba1eb2ba3b588135a38dea598ca11913b6e9487a9f2c9bed4c74cd31e554012b4503d9fb7e6034c7324973854feea2319110
  languageName: node
  linkType: hard

"strip-final-newline@npm:^3.0.0":
  version: 3.0.0
  resolution: "strip-final-newline@npm:3.0.0"
  checksum: 23ee263adfa2070cd0f23d1ac14e2ed2f000c9b44229aec9c799f1367ec001478469560abefd00c5c99ee6f0b31c137d53ec6029c53e9f32a93804e18c201050
  languageName: node
  linkType: hard

"supports-color@npm:^5.3.0":
  version: 5.5.0
  resolution: "supports-color@npm:5.5.0"
  dependencies:
    has-flag: "npm:^3.0.0"
  checksum: 5f505c6fa3c6e05873b43af096ddeb22159831597649881aeb8572d6fe3b81e798cc10840d0c9735e0026b250368851b7f77b65e84f4e4daa820a4f69947f55b
  languageName: node
  linkType: hard

"tmp-promise@npm:^3.0.3":
  version: 3.0.3
  resolution: "tmp-promise@npm:3.0.3"
  dependencies:
    tmp: "npm:^0.2.0"
  checksum: 0ca65b4f233b1d2b01e17a7a62961d32923e4b27383a370bf4d8d52f1062d79c3250e6b6b706ec390e73c9c58c13dc130b3855eedc89c86c7d90beb28b8382e5
  languageName: node
  linkType: hard

"tmp@npm:^0.2.0":
  version: 0.2.1
  resolution: "tmp@npm:0.2.1"
  dependencies:
    rimraf: "npm:^3.0.0"
  checksum: 445148d72df3ce99356bc89a7857a0c5c3b32958697a14e50952c6f7cf0a8016e746ababe9a74c1aa52f04c526661992f14659eba34d3c6701d49ba2f3cf781b
  languageName: node
  linkType: hard

"tree-kill@npm:^1.2.2":
  version: 1.2.2
  resolution: "tree-kill@npm:1.2.2"
  bin:
    tree-kill: cli.js
  checksum: 49117f5f410d19c84b0464d29afb9642c863bc5ba40fcb9a245d474c6d5cc64d1b177a6e6713129eb346b40aebb9d4631d967517f9fbe8251c35b21b13cd96c7
  languageName: node
  linkType: hard

"typescript-compare@npm:^0.0.2":
  version: 0.0.2
  resolution: "typescript-compare@npm:0.0.2"
  dependencies:
    typescript-logic: "npm:^0.0.0"
  checksum: d6c43213e7689f8519438b6deceb9877cdc83b4f64677bbc07e6d88d8b63bee713035731678facfd3f81b019b93131a876a230194b4f8d31737bfc5af71594d2
  languageName: node
  linkType: hard

"typescript-logic@npm:^0.0.0":
  version: 0.0.0
  resolution: "typescript-logic@npm:0.0.0"
  checksum: 84506bd58b7e15455b3233ded7f43f2ff8667500dca94f8e96e61aa16fa5a78bd9c45455f27c49f0e4aee7322c3e5a4b270e68bf8ba29fdf1571256fe2607152
  languageName: node
  linkType: hard

"typescript-tuple@npm:^2.2.1":
  version: 2.2.1
  resolution: "typescript-tuple@npm:2.2.1"
  dependencies:
    typescript-compare: "npm:^0.0.2"
  checksum: 6e03ff36696aa0b832465234f1ce5496717b50b22c8597f903894a1e7577ab0d0d86eeb84d509dc206f02aa21a75d196c0082d59325fde3ac9a22b6bc5ff3d14
  languageName: node
  linkType: hard

"typescript@npm:4.9.1-beta":
  version: 4.9.1-beta
  resolution: "typescript@npm:4.9.1-beta"
  bin:
    tsc: bin/tsc
    tsserver: bin/tsserver
  checksum: 8060879069038a573b4e853d070611c8c8d2d609f945d09481be36d9769652a58efd7190c61f9e0af980d6b4241190742505d5c0904f6b79e16fc8a6cde864b9
  languageName: node
  linkType: hard

"typescript@patch:typescript@npm%3A4.9.1-beta#optional!builtin<compat/typescript>":
  version: 4.9.1-beta
  resolution: "typescript@patch:typescript@npm%3A4.9.1-beta#optional!builtin<compat/typescript>::version=4.9.1-beta&hash=af41af"
  bin:
    tsc: bin/tsc
    tsserver: bin/tsserver
  checksum: 415935d6fc65ac5e4e7e90c0597941752ac9fde3447684b9eeef3555563d61e1c63ed35784262a1698edf3a4e11a140c1e02d66791b09f4d122c964c5be767b5
  languageName: node
  linkType: hard

"universalify@npm:^2.0.0":
  version: 2.0.0
  resolution: "universalify@npm:2.0.0"
  checksum: 2406a4edf4a8830aa6813278bab1f953a8e40f2f63a37873ffa9a3bc8f9745d06cc8e88f3572cb899b7e509013f7f6fcc3e37e8a6d914167a5381d8440518c44
  languageName: node
  linkType: hard

"which@npm:^2.0.1":
  version: 2.0.2
  resolution: "which@npm:2.0.2"
  dependencies:
    isexe: "npm:^2.0.0"
  bin:
    node-which: ./bin/node-which
  checksum: 4782f8a1d6b8fc12c65e968fea49f59752bf6302dc43036c3bf87da718a80710f61a062516e9764c70008b487929a73546125570acea95c5b5dcc8ac3052c70f
  languageName: node
  linkType: hard

"wrappy@npm:1":
  version: 1.0.2
  resolution: "wrappy@npm:1.0.2"
  checksum: 159da4805f7e84a3d003d8841557196034155008f817172d4e986bd591f74aa82aa7db55929a54222309e01079a65a92a9e6414da5a6aa4b01ee44a511ac3ee5
  languageName: node
  linkType: hard

"yaml@npm:^1.10.0":
  version: 1.10.2
  resolution: "yaml@npm:1.10.2"
  checksum: e088b37b4d4885b70b50c9fa1b7e54bd2e27f5c87205f9deaffd1fb293ab263d9c964feadb9817a7b129a5bf30a06582cb08750f810568ecc14f3cdbabb79cb3
  languageName: node
  linkType: hard
